
Microsoft Visual Studio Solution File, Format Version 12.00
# Visual Studio Version 17
VisualStudioVersion = 17.1.32228.430
MinimumVisualStudioVersion = 10.0.40219.1
Project("{FAE04EC0-301F-11D3-BF4B-00C04F79EFBC}") = "Bank98Functions", "Bank98Functions\Bank98Functions.csproj", "{F1381E22-8981-4A16-8E83-EBDAAFB43EDE}"
EndProject
Global
	GlobalSection(SolutionConfigurationPlatforms) = preSolution
		Debug|Any CPU = Debug|Any CPU
		Release|Any CPU = Release|Any CPU
	EndGlobalSection
	GlobalSection(ProjectConfigurationPlatforms) = postSolution
		{F1381E22-8981-4A16-8E83-EBDAAFB43EDE}.Debug|Any CPU.ActiveCfg = Debug|Any CPU
		{F1381E22-8981-4A16-8E83-EBDAAFB43EDE}.Debug|Any CPU.Build.0 = Debug|Any CPU
		{F1381E22-8981-4A16-8E83-EBDAAFB43EDE}.Release|Any CPU.ActiveCfg = Release|Any CPU
		{F1381E22-8981-4A16-8E83-EBDAAFB43EDE}.Release|Any CPU.Build.0 = Release|Any CPU
	EndGlobalSection
	GlobalSection(SolutionProperties) = preSolution
		HideSolutionNode = FALSE
	EndGlobalSection
	GlobalSection(ExtensibilityGlobals) = postSolution
		SolutionGuid = {2B19B8FC-6BC3-4416-B628-B82AC64C775A}
	EndGlobalSection
EndGlobal
